Microsoft Visual Studio Solution File, Format Version 12.00
# Visual Studio 2013
VisualStudioVersion = 12.0.40629.0
MinimumVisualStudioVersion = 10.0.40219.1
Project("{8BC9CEB8-8B4A-11D0-8D11-00A0C91BC942}") = "LBSEngine", "LBSEngine\LBSEngine.vcxproj", "{2A991223-CD26-4F51-9CCA-F7D9C5502AD3}"
EndProject
Project("{8BC9CEB8-8B4A-11D0-8D11-00A0C91BC942}") = "LBS_Debuger", "LBS_Debuger\LBS_Debuger.vcxproj", "{2451CD64-2514-4F72-AA5F-013902D6C009}"
EndProject
Global
	GlobalSection(SolutionConfigurationPlatforms) = preSolution
		Debug|Win32 = Debug|Win32
		Debug|x64 = Debug|x64
		Release|Win32 = Release|Win32
		Release|x64 = Release|x64
	EndGlobalSection
	GlobalSection(ProjectConfigurationPlatforms) = postSolution
		{2A991223-CD26-4F51-9CCA-F7D9C5502AD3}.Debug|Win32.ActiveCfg = Debug|Win32
		{2A991223-CD26-4F51-9CCA-F7D9C5502AD3}.Debug|Win32.Build.0 = Debug|Win32
		{2A991223-CD26-4F51-9CCA-F7D9C5502AD3}.Debug|x64.ActiveCfg = Debug|x64
		{2A991223-CD26-4F51-9CCA-F7D9C5502AD3}.Debug|x64.Build.0 = Debug|x64
		{2A991223-CD26-4F51-9CCA-F7D9C5502AD3}.Release|Win32.ActiveCfg = Release|Win32
		{2A991223-CD26-4F51-9CCA-F7D9C5502AD3}.Release|Win32.Build.0 = Release|Win32
		{2A991223-CD26-4F51-9CCA-F7D9C5502AD3}.Release|x64.ActiveCfg = Release|x64
		{2A991223-CD26-4F51-9CCA-F7D9C5502AD3}.Release|x64.Build.0 = Release|x64
		{2451CD64-2514-4F72-AA5F-013902D6C009}.Debug|Win32.ActiveCfg = Debug|Win32
		{2451CD64-2514-4F72-AA5F-013902D6C009}.Debug|Win32.Build.0 = Debug|Win32
		{2451CD64-2514-4F72-AA5F-013902D6C009}.Debug|x64.ActiveCfg = Debug|x64
		{2451CD64-2514-4F72-AA5F-013902D6C009}.Debug|x64.Build.0 = Debug|x64
		{2451CD64-2514-4F72-AA5F-013902D6C009}.Release|Win32.ActiveCfg = Release|Win32
		{2451CD64-2514-4F72-AA5F-013902D6C009}.Release|Win32.Build.0 = Release|Win32
		{2451CD64-2514-4F72-AA5F-013902D6C009}.Release|x64.ActiveCfg = Release|x64
		{2451CD64-2514-4F72-AA5F-013902D6C009}.Release|x64.Build.0 = Release|x64
	EndGlobalSection
	GlobalSection(SolutionProperties) = preSolution
		HideSolutionNode = FALSE
	EndGlobalSection
EndGlobal
