<?xml version="1.0" encoding="utf-8"?>
<Project ToolsVersion="4.0" xmlns="http://schemas.microsoft.com/developer/msbuild/2003">
  <ItemGroup>
    <Filter Include="Source Files">
      <UniqueIdentifier>{4FC737F1-C7A5-4376-A066-2A32D752A2FF}</UniqueIdentifier>
      <Extensions>cpp;c;cxx;def;odl;idl;hpj;bat;asm;asmx</Extensions>
    </Filter>
    <Filter Include="Header Files">
      <UniqueIdentifier>{93995380-89BD-4b04-88EB-625FBE52EBFB}</UniqueIdentifier>
      <Extensions>h;hpp;hxx;hm;inl;inc;xsd</Extensions>
    </Filter>
    <Filter Include="Resource Files">
      <UniqueIdentifier>{67DA6AB6-F800-4c08-8B7A-83BB121AAD01}</UniqueIdentifier>
      <Extensions>rc;ico;cur;bmp;dlg;rc2;rct;bin;rgs;gif;jpg;jpeg;jpe;resx</Extensions>
    </Filter>
  </ItemGroup>
  <ItemGroup>
    <ClCompile Include="ErrorInformation.cpp">
      <Filter>Source Files</Filter>
    </ClCompile>
    <ClCompile Include="ErrorSystem.cpp">
      <Filter>Source Files</Filter>
    </ClCompile>
    <ClCompile Include="Script\LBS_ApiImplement.cpp">
      <Filter>Source Files</Filter>
    </ClCompile>
    <ClCompile Include="Base\LBS_CodeBase.cpp">
      <Filter>Source Files</Filter>
    </ClCompile>
    <ClCompile Include="Script\LBS_CodeBlock.cpp">
      <Filter>Source Files</Filter>
    </ClCompile>
    <ClCompile Include="Script\LBS_CodeEdit.cpp">
      <Filter>Source Files</Filter>
    </ClCompile>
    <ClCompile Include="Script\LBS_Function.cpp">
      <Filter>Source Files</Filter>
    </ClCompile>
    <ClCompile Include="Script\LBS_Function_Call.cpp">
      <Filter>Source Files</Filter>
    </ClCompile>
    <ClCompile Include="Base\LBS_ObjBase.cpp">
      <Filter>Source Files</Filter>
    </ClCompile>
    <ClCompile Include="Base\LBS_ObjHashListBase.cpp">
      <Filter>Source Files</Filter>
    </ClCompile>
    <ClCompile Include="Base\LBS_ObjListBase.cpp">
      <Filter>Source Files</Filter>
    </ClCompile>
    <ClCompile Include="Script\LBS_Script_CallFunctionPara.cpp">
      <Filter>Source Files</Filter>
    </ClCompile>
    <ClCompile Include="Script\LBS_Script_ClassBase.cpp">
      <Filter>Source Files</Filter>
    </ClCompile>
    <ClCompile Include="Script\LBS_Script_FunctionMap.cpp">
      <Filter>Source Files</Filter>
    </ClCompile>
    <ClCompile Include="Script\LBS_Script_Lock.cpp">
      <Filter>Source Files</Filter>
    </ClCompile>
    <ClCompile Include="Script\LBS_Script_Timer.cpp">
      <Filter>Source Files</Filter>
    </ClCompile>
    <ClCompile Include="Script\LBS_Script_UDP.cpp">
      <Filter>Source Files</Filter>
    </ClCompile>
    <ClCompile Include="Script\LBS_ScriptDriver.cpp">
      <Filter>Source Files</Filter>
    </ClCompile>
    <ClCompile Include="Script\LBS_ScriptFile.cpp">
      <Filter>Source Files</Filter>
    </ClCompile>
    <ClCompile Include="Script\LBS_ScriptMacroDefine.cpp">
      <Filter>Source Files</Filter>
    </ClCompile>
    <ClCompile Include="Script\LBS_ScriptThread.cpp">
      <Filter>Source Files</Filter>
    </ClCompile>
    <ClCompile Include="Script\LBS_Statement_Break.cpp">
      <Filter>Source Files</Filter>
    </ClCompile>
    <ClCompile Include="Script\LBS_Statement_Calculate.cpp">
      <Filter>Source Files</Filter>
    </ClCompile>
    <ClCompile Include="Script\LBS_Statement_CalculateFactor.cpp">
      <Filter>Source Files</Filter>
    </ClCompile>
    <ClCompile Include="Script\LBS_Statement_Case.cpp">
      <Filter>Source Files</Filter>
    </ClCompile>
    <ClCompile Include="Script\LBS_Statement_Continue.cpp">
      <Filter>Source Files</Filter>
    </ClCompile>
    <ClCompile Include="Script\LBS_Statement_For.cpp">
      <Filter>Source Files</Filter>
    </ClCompile>
    <ClCompile Include="Script\LBS_Statement_Ifelse.cpp">
      <Filter>Source Files</Filter>
    </ClCompile>
    <ClCompile Include="Script\LBS_Statement_Return.cpp">
      <Filter>Source Files</Filter>
    </ClCompile>
    <ClCompile Include="Script\LBS_Statement_Switch.cpp">
      <Filter>Source Files</Filter>
    </ClCompile>
    <ClCompile Include="Script\LBS_Statement_While.cpp">
      <Filter>Source Files</Filter>
    </ClCompile>
    <ClCompile Include="Syntax\LBS_SyntaxParser.cpp">
      <Filter>Source Files</Filter>
    </ClCompile>
    <ClCompile Include="Script\LBS_Variable.cpp">
      <Filter>Source Files</Filter>
    </ClCompile>
    <ClCompile Include="LBSEngine.cpp">
      <Filter>Source Files</Filter>
    </ClCompile>
    <ClCompile Include="Support\MemoryPool.cpp">
      <Filter>Source Files</Filter>
    </ClCompile>
    <ClCompile Include="stdafx.cpp">
      <Filter>Source Files</Filter>
    </ClCompile>
    <ClCompile Include="Script\LBS_Script_TCP.cpp">
      <Filter>Source Files</Filter>
    </ClCompile>
    <ClCompile Include="Script\LBS_Socket.cpp">
      <Filter>Source Files</Filter>
    </ClCompile>
    <ClCompile Include="Script\LBS_EventWnd.cpp">
      <Filter>Source Files</Filter>
    </ClCompile>
  </ItemGroup>
  <ItemGroup>
    <ClInclude Include="ErrorInformation.h">
      <Filter>Header Files</Filter>
    </ClInclude>
    <ClInclude Include="ErrorSystem.h">
      <Filter>Header Files</Filter>
    </ClInclude>
    <ClInclude Include="Base\GlobalDefine.h">
      <Filter>Header Files</Filter>
    </ClInclude>
    <ClInclude Include="Script\LBS_ApiImplement.h">
      <Filter>Header Files</Filter>
    </ClInclude>
    <ClInclude Include="Base\LBS_CodeBase.h">
      <Filter>Header Files</Filter>
    </ClInclude>
    <ClInclude Include="Script\LBS_CodeBlock.h">
      <Filter>Header Files</Filter>
    </ClInclude>
    <ClInclude Include="Script\LBS_CodeEdit.h">
      <Filter>Header Files</Filter>
    </ClInclude>
    <ClInclude Include="Script\LBS_Function.h">
      <Filter>Header Files</Filter>
    </ClInclude>
    <ClInclude Include="Script\LBS_Function_Call.h">
      <Filter>Header Files</Filter>
    </ClInclude>
    <ClInclude Include="LBS_Include.h">
      <Filter>Header Files</Filter>
    </ClInclude>
    <ClInclude Include="Support\LBS_ListT.h">
      <Filter>Header Files</Filter>
    </ClInclude>
    <ClInclude Include="Base\LBS_ObjBase.h">
      <Filter>Header Files</Filter>
    </ClInclude>
    <ClInclude Include="Base\LBS_ObjHashListBase.h">
      <Filter>Header Files</Filter>
    </ClInclude>
    <ClInclude Include="Base\LBS_ObjListBase.h">
      <Filter>Header Files</Filter>
    </ClInclude>
    <ClInclude Include="Script\LBS_Script_CallFunctionPara.h">
      <Filter>Header Files</Filter>
    </ClInclude>
    <ClInclude Include="Script\LBS_Script_ClassBase.h">
      <Filter>Header Files</Filter>
    </ClInclude>
    <ClInclude Include="Script\LBS_Script_FunctionMap.h">
      <Filter>Header Files</Filter>
    </ClInclude>
    <ClInclude Include="Script\LBS_Script_Lock.h">
      <Filter>Header Files</Filter>
    </ClInclude>
    <ClInclude Include="Script\LBS_Script_Timer.h">
      <Filter>Header Files</Filter>
    </ClInclude>
    <ClInclude Include="Script\LBS_Script_UDP.h">
      <Filter>Header Files</Filter>
    </ClInclude>
    <ClInclude Include="Script\LBS_ScriptDriver.h">
      <Filter>Header Files</Filter>
    </ClInclude>
    <ClInclude Include="Script\LBS_ScriptFile.h">
      <Filter>Header Files</Filter>
    </ClInclude>
    <ClInclude Include="Script\LBS_ScriptMacroDefine.h">
      <Filter>Header Files</Filter>
    </ClInclude>
    <ClInclude Include="Script\LBS_ScriptThread.h">
      <Filter>Header Files</Filter>
    </ClInclude>
    <ClInclude Include="Script\LBS_Statement_Break.h">
      <Filter>Header Files</Filter>
    </ClInclude>
    <ClInclude Include="Script\LBS_Statement_Calculate.h">
      <Filter>Header Files</Filter>
    </ClInclude>
    <ClInclude Include="Script\LBS_Statement_CalculateFactor.h">
      <Filter>Header Files</Filter>
    </ClInclude>
    <ClInclude Include="Script\LBS_Statement_Case.h">
      <Filter>Header Files</Filter>
    </ClInclude>
    <ClInclude Include="Script\LBS_Statement_Continue.h">
      <Filter>Header Files</Filter>
    </ClInclude>
    <ClInclude Include="Script\LBS_Statement_For.h">
      <Filter>Header Files</Filter>
    </ClInclude>
    <ClInclude Include="Script\LBS_Statement_Ifelse.h">
      <Filter>Header Files</Filter>
    </ClInclude>
    <ClInclude Include="Script\LBS_Statement_Return.h">
      <Filter>Header Files</Filter>
    </ClInclude>
    <ClInclude Include="Script\LBS_Statement_Switch.h">
      <Filter>Header Files</Filter>
    </ClInclude>
    <ClInclude Include="Script\LBS_Statement_While.h">
      <Filter>Header Files</Filter>
    </ClInclude>
    <ClInclude Include="Syntax\LBS_SyntaxParser.h">
      <Filter>Header Files</Filter>
    </ClInclude>
    <ClInclude Include="Script\LBS_Variable.h">
      <Filter>Header Files</Filter>
    </ClInclude>
    <ClInclude Include="Support\MemoryPool.h">
      <Filter>Header Files</Filter>
    </ClInclude>
    <ClInclude Include="Resource.h">
      <Filter>Header Files</Filter>
    </ClInclude>
    <ClInclude Include="stdafx.h">
      <Filter>Header Files</Filter>
    </ClInclude>
    <ClInclude Include="zlib\zconf.h">
      <Filter>Header Files</Filter>
    </ClInclude>
    <ClInclude Include="zlib\zlib.h">
      <Filter>Header Files</Filter>
    </ClInclude>
    <ClInclude Include="Script\LBS_Script_TCP.h">
      <Filter>Header Files</Filter>
    </ClInclude>
    <ClInclude Include="Script\LBS_Socket.h">
      <Filter>Header Files</Filter>
    </ClInclude>
    <ClInclude Include="Script\LBS_EventWnd.h">
      <Filter>Header Files</Filter>
    </ClInclude>
  </ItemGroup>
  <ItemGroup>
    <ResourceCompile Include="LBSEngine.rc">
      <Filter>Resource Files</Filter>
    </ResourceCompile>
  </ItemGroup>
  <ItemGroup>
    <None Include="res\LBSEngine.rc2">
      <Filter>Resource Files</Filter>
    </None>
    <None Include="ReadMe.txt" />
  </ItemGroup>
  <ItemGroup>
    <Library Include="zlib\zlib.lib" />
  </ItemGroup>
</Project>